
Microsoft Visual Studio Solution File, Format Version 12.00
# Visual Studio Version 17
VisualStudioVersion = 17.4.33205.214
MinimumVisualStudioVersion = 10.0.40219.1
Project("{9A19103F-16F7-4668-BE54-9A1E7A4F7556}") = "TrainingApp.Api", "TrainingApp.Api\TrainingApp.Api.csproj", "{98A9D331-1D31-495F-899B-29359B04BD8C}"
EndProject
Project("{9A19103F-16F7-4668-BE54-9A1E7A4F7556}") = "TrainingApp.EF", "TrainingApp.EF\TrainingApp.EF.csproj", "{219CF9A5-447B-4070-80D2-0C63B73FFAAE}"
EndProject
Project("{9A19103F-16F7-4668-BE54-9A1E7A4F7556}") = "TrainingApp.Domain", "TrainingApp.Domain\TrainingApp.Domain.csproj", "{9F4137F4-92F4-4E53-9E7F-53A562FF330B}"
EndProject
Project("{9A19103F-16F7-4668-BE54-9A1E7A4F7556}") = "TrainingApp.Data", "TrainingApp.Data\TrainingApp.Data.csproj", "{E7311193-E404-4FB5-8A79-126BDF6D67CA}"
EndProject
Project("{FAE04EC0-301F-11D3-BF4B-00C04F79EFBC}") = "TrainingApp.Business", "TrainingApp.Business\TrainingApp.Business.csproj", "{E27FC9FE-69A4-4126-AE5A-D4A07FE7F883}"
EndProject
Global
	GlobalSection(SolutionConfigurationPlatforms) = preSolution
		Debug|Any CPU = Debug|Any CPU
		Release|Any CPU = Release|Any CPU
	EndGlobalSection
	GlobalSection(ProjectConfigurationPlatforms) = postSolution
		{98A9D331-1D31-495F-899B-29359B04BD8C}.Debug|Any CPU.ActiveCfg = Debug|Any CPU
		{98A9D331-1D31-495F-899B-29359B04BD8C}.Debug|Any CPU.Build.0 = Debug|Any CPU
		{98A9D331-1D31-495F-899B-29359B04BD8C}.Release|Any CPU.ActiveCfg = Release|Any CPU
		{98A9D331-1D31-495F-899B-29359B04BD8C}.Release|Any CPU.Build.0 = Release|Any CPU
		{219CF9A5-447B-4070-80D2-0C63B73FFAAE}.Debug|Any CPU.ActiveCfg = Debug|Any CPU
		{219CF9A5-447B-4070-80D2-0C63B73FFAAE}.Debug|Any CPU.Build.0 = Debug|Any CPU
		{219CF9A5-447B-4070-80D2-0C63B73FFAAE}.Release|Any CPU.ActiveCfg = Release|Any CPU
		{219CF9A5-447B-4070-80D2-0C63B73FFAAE}.Release|Any CPU.Build.0 = Release|Any CPU
		{9F4137F4-92F4-4E53-9E7F-53A562FF330B}.Debug|Any CPU.ActiveCfg = Debug|Any CPU
		{9F4137F4-92F4-4E53-9E7F-53A562FF330B}.Debug|Any CPU.Build.0 = Debug|Any CPU
		{9F4137F4-92F4-4E53-9E7F-53A562FF330B}.Release|Any CPU.ActiveCfg = Release|Any CPU
		{9F4137F4-92F4-4E53-9E7F-53A562FF330B}.Release|Any CPU.Build.0 = Release|Any CPU
		{E7311193-E404-4FB5-8A79-126BDF6D67CA}.Debug|Any CPU.ActiveCfg = Debug|Any CPU
		{E7311193-E404-4FB5-8A79-126BDF6D67CA}.Debug|Any CPU.Build.0 = Debug|Any CPU
		{E7311193-E404-4FB5-8A79-126BDF6D67CA}.Release|Any CPU.ActiveCfg = Release|Any CPU
		{E7311193-E404-4FB5-8A79-126BDF6D67CA}.Release|Any CPU.Build.0 = Release|Any CPU
		{E27FC9FE-69A4-4126-AE5A-D4A07FE7F883}.Debug|Any CPU.ActiveCfg = Debug|Any CPU
		{E27FC9FE-69A4-4126-AE5A-D4A07FE7F883}.Debug|Any CPU.Build.0 = Debug|Any CPU
		{E27FC9FE-69A4-4126-AE5A-D4A07FE7F883}.Release|Any CPU.ActiveCfg = Release|Any CPU
		{E27FC9FE-69A4-4126-AE5A-D4A07FE7F883}.Release|Any CPU.Build.0 = Release|Any CPU
	EndGlobalSection
	GlobalSection(SolutionProperties) = preSolution
		HideSolutionNode = FALSE
	EndGlobalSection
	GlobalSection(ExtensibilityGlobals) = postSolution
		SolutionGuid = {35A9F333-20E1-4808-8595-628E0FD65EAA}
	EndGlobalSection
EndGlobal
